// !$*UTF8*$!
{
	archiveVersion = 1;
	classes = {
	};
	objectVersion = 77;
	objects = {

/* Begin PBXBuildFile section */
		3F7941F42EE0C9CF00D5718C /* GoogleGenerativeAI in Frameworks */ = {isa = PBXBuildFile; productRef = 3F936C962EE0BE000017DCA6 /* GoogleGenerativeAI */; };
		3F7942372EE0D77F00D5718C /* RevenueCat in Frameworks */ = {isa = PBXBuildFile; productRef = 3F936C982EE0BE100017DCA6 /* RevenueCat */; };
		3F7942382EE0D77F00D5718C /* RevenueCatUI in Frameworks */ = {isa = PBXBuildFile; productRef = 3F936C992EE0BE100017DCA6 /* RevenueCatUI */; };
/* End PBXBuildFile section */

/* Begin PBXContainerItemProxy section */
		3F936C792EE0BDCA0017DCA6 /* PBXContainerItemProxy */ = {
			isa = PBXContainerItemProxy;
			containerPortal = 3F936C632EE0BDC90017DCA6 /* Project object */;
			proxyType = 1;
			remoteGlobalIDString = 3F936C6A2EE0BDC90017DCA6;
			remoteInfo = replyerAI;
		};
		3F936C832EE0BDCA0017DCA6 /* PBXContainerItemProxy */ = {
			isa = PBXContainerItemProxy;
			containerPortal = 3F936C632EE0BDC90017DCA6 /* Project object */;
			proxyType = 1;
			remoteGlobalIDString = 3F936C6A2EE0BDC90017DCA6;
			remoteInfo = replyerAI;
		};
/* End PBXContainerItemProxy section */

/* Begin PBXFileReference section */
		3F936C6B2EE0BDC90017DCA6 /* replyerAI.app */ = {isa = PBXFileReference; explicitFileType = wrapper.application; includeInIndex = 0; path = replyerAI.app; sourceTree = BUILT_PRODUCTS_DIR; };
		3F936C782EE0BDCA0017DCA6 /* replyerAITests.xctest */ = {isa = PBXFileReference; explicitFileType = wrapper.cfbundle; includeInIndex = 0; path = replyerAITests.xctest; sourceTree = BUILT_PRODUCTS_DIR; };
		3F936C822EE0BDCA0017DCA6 /* replyerAIUITests.xctest */ = {isa = PBXFileReference; explicitFileType = wrapper.cfbundle; includeInIndex = 0; path = replyerAIUITests.xctest; sourceTree = BUILT_PRODUCTS_DIR; };
/* End PBXFileReference section */

/* Begin PBXFileSystemSynchronizedRootGroup section */
		3F936C6D2EE0BDC90017DCA6 /* replyerAI */ = {
			isa = PBXFileSystemSynchronizedRootGroup;
			path = replyerAI;
			sourceTree = "<group>";
		};
		3F936C7B2EE0BDCA0017DCA6 /* replyerAITests */ = {
			isa = PBXFileSystemSynchronizedRootGroup;
			path = replyerAITests;
			sourceTree = "<group>";
		};
		3F936C852EE0BDCA0017DCA6 /* replyerAIUITests */ = {
			isa = PBXFileSystemSynchronizedRootGroup;
			path = replyerAIUITests;
			sourceTree = "<group>";
		};
/* End PBXFileSystemSynchronizedRootGroup section */

/* Begin PBXFrameworksBuildPhase section */
		3F936C682EE0BDC90017DCA6 /* Frameworks */ = {
			isa = PBXFrameworksBuildPhase;
			buildActionMask = 2147483647;
			files = (
				3F7942382EE0D77F00D5718C /* RevenueCatUI in Frameworks */,
				3F7942372EE0D77F00D5718C /* RevenueCat in Frameworks */,
				3F7941F42EE0C9CF00D5718C /* GoogleGenerativeAI in Frameworks */,
			);
			runOnlyForDeploymentPostprocessing = 0;
		};
		3F936C752EE0BDCA0017DCA6 /* Frameworks */ = {
			isa = PBXFrameworksBuildPhase;
			buildActionMask = 2147483647;
			files = (
			);
			runOnlyForDeploymentPostprocessing = 0;
		};
		3F936C7F2EE0BDCA0017DCA6 /* Frameworks */ = {
			isa = PBXFrameworksBuildPhase;
			buildActionMask = 2147483647;
			files = (
			);
			runOnlyForDeploymentPostprocessing = 0;
		};
/* End PBXFrameworksBuildPhase section */

/* Begin PBXGroup section */
		3F936C622EE0BDC90017DCA6 = {
			isa = PBXGroup;
			children = (
				3F936C6D2EE0BDC90017DCA6 /* replyerAI */,
				3F936C7B2EE0BDCA0017DCA6 /* replyerAITests */,
				3F936C852EE0BDCA0017DCA6 /* replyerAIUITests */,
				3F936C6C2EE0BDC90017DCA6 /* Products */,
			);
			sourceTree = "<group>";
		};
		3F936C6C2EE0BDC90017DCA6 /* Products */ = {
			isa = PBXGroup;
			children = (
				3F936C6B2EE0BDC90017DCA6 /* replyerAI.app */,
				3F936C782EE0BDCA0017DCA6 /* replyerAITests.xctest */,
				3F936C822EE0BDCA0017DCA6 /* replyerAIUITests.xctest */,
			);
			name = Products;
			sourceTree = "<group>";
		};
/* End PBXGroup section */

/* Begin PBXNativeTarget section */
		3F936C6A2EE0BDC90017DCA6 /* replyerAI */ = {
			isa = PBXNativeTarget;
			buildConfigurationList = 3F936C8C2EE0BDCA0017DCA6 /* Build configuration list for PBXNativeTarget "replyerAI" */;
			buildPhases = (
				3F936C672EE0BDC90017DCA6 /* Sources */,
				3F936C682EE0BDC90017DCA6 /* Frameworks */,
				3F936C692EE0BDC90017DCA6 /* Resources */,
			);
			buildRules = (
			);
			dependencies = (
			);
			fileSystemSynchronizedGroups = (
				3F936C6D2EE0BDC90017DCA6 /* replyerAI */,
			);
			name = replyerAI;
			packageProductDependencies = (
				3F936C962EE0BE000017DCA6 /* GoogleGenerativeAI */,
				3F936C982EE0BE100017DCA6 /* RevenueCat */,
				3F936C992EE0BE100017DCA6 /* RevenueCatUI */,
			);
			productName = replyerAI;
			productReference = 3F936C6B2EE0BDC90017DCA6 /* replyerAI.app */;
			productType = "com.apple.product-type.application";
		};
		3F936C772EE0BDCA0017DCA6 /* replyerAITests */ = {
			isa = PBXNativeTarget;
			buildConfigurationList = 3F936C8F2EE0BDCA0017DCA6 /* Build configuration list for PBXNativeTarget "replyerAITests" */;
			buildPhases = (
				3F936C742EE0BDCA0017DCA6 /* Sources */,
				3F936C752EE0BDCA0017DCA6 /* Frameworks */,
				3F936C762EE0BDCA0017DCA6 /* Resources */,
			);
			buildRules = (
			);
			dependencies = (
				3F936C7A2EE0BDCA0017DCA6 /* PBXTargetDependency */,
			);
			fileSystemSynchronizedGroups = (
				3F936C7B2EE0BDCA0017DCA6 /* replyerAITests */,
			);
			name = replyerAITests;
			packageProductDependencies = (
			);
			productName = replyerAITests;
			productReference = 3F936C782EE0BDCA0017DCA6 /* replyerAITests.xctest */;
			productType = "com.apple.product-type.bundle.unit-test";
		};
		3F936C812EE0BDCA0017DCA6 /* replyerAIUITests */ = {
			isa = PBXNativeTarget;
			buildConfigurationList = 3F936C922EE0BDCA0017DCA6 /* Build configuration list for PBXNativeTarget "replyerAIUITests" */;
			buildPhases = (
				3F936C7E2EE0BDCA0017DCA6 /* Sources */,
				3F936C7F2EE0BDCA0017DCA6 /* Frameworks */,
				3F936C802EE0BDCA0017DCA6 /* Resources */,
			);
			buildRules = (
			);
			dependencies = (
				3F936C842EE0BDCA0017DCA6 /* PBXTargetDependency */,
			);
			fileSystemSynchronizedGroups = (
				3F936C852EE0BDCA0017DCA6 /* replyerAIUITests */,
			);
			name = replyerAIUITests;
			packageProductDependencies = (
			);
			productName = replyerAIUITests;
			productReference = 3F936C822EE0BDCA0017DCA6 /* replyerAIUITests.xctest */;
			productType = "com.apple.product-type.bundle.ui-testing";
		};
/* End PBXNativeTarget section */

/* Begin PBXProject section */
		3F936C632EE0BDC90017DCA6 /* Project object */ = {
			isa = PBXProject;
			attributes = {
				BuildIndependentTargetsInParallel = 1;
				LastSwiftUpdateCheck = 2600;
				LastUpgradeCheck = 2600;
				TargetAttributes = {
					3F936C6A2EE0BDC90017DCA6 = {
						CreatedOnToolsVersion = 26.0.1;
					};
					3F936C772EE0BDCA0017DCA6 = {
						CreatedOnToolsVersion = 26.0.1;
						TestTargetID = 3F936C6A2EE0BDC90017DCA6;
					};
					3F936C812EE0BDCA0017DCA6 = {
						CreatedOnToolsVersion = 26.0.1;
						TestTargetID = 3F936C6A2EE0BDC90017DCA6;
					};
				};
			};
			buildConfigurationList = 3F936C662EE0BDC90017DCA6 /* Build configuration list for PBXProject "replyerAI" */;
			developmentRegion = en;
			hasScannedForEncodings = 0;
			knownRegions = (
				en,
				Base,
				fr,
				es,
				ar,
				tr,
				"pt-BR",
			);
			mainGroup = 3F936C622EE0BDC90017DCA6;
			minimizedProjectReferenceProxies = 1;
			packageReferences = (
				3F936C952EE0BE000017DCA6 /* XCRemoteSwiftPackageReference "generative-ai-swift" */,
				3FBB8BA72EE0E016009CEACE /* XCRemoteSwiftPackageReference "purchases-ios-spm" */,
			);
			preferredProjectObjectVersion = 77;
			productRefGroup = 3F936C6C2EE0BDC90017DCA6 /* Products */;
			projectDirPath = "";
			projectRoot = "";
			targets = (
				3F936C6A2EE0BDC90017DCA6 /* replyerAI */,
				3F936C772EE0BDCA0017DCA6 /* replyerAITests */,
				3F936C812EE0BDCA0017DCA6 /* replyerAIUITests */,
			);
		};
/* End PBXProject section */

/* Begin PBXResourcesBuildPhase section */
		3F936C692EE0BDC90017DCA6 /* Resources */ = {
			isa = PBXResourcesBuildPhase;
			buildActionMask = 2147483647;
			files = (
			);
			runOnlyForDeploymentPostprocessing = 0;
		};
		3F936C762EE0BDCA0017DCA6 /* Resources */ = {
			isa = PBXResourcesBuildPhase;
			buildActionMask = 2147483647;
			files = (
			);
			runOnlyForDeploymentPostprocessing = 0;
		};
		3F936C802EE0BDCA0017DCA6 /* Resources */ = {
			isa = PBXResourcesBuildPhase;
			buildActionMask = 2147483647;
			files = (
			);
			runOnlyForDeploymentPostprocessing = 0;
		};
/* End PBXResourcesBuildPhase section */

/* Begin PBXSourcesBuildPhase section */
		3F936C672EE0BDC90017DCA6 /* Sources */ = {
			isa = PBXSourcesBuildPhase;
			buildActionMask = 2147483647;
			files = (
			);
			runOnlyForDeploymentPostprocessing = 0;
		};
		3F936C742EE0BDCA0017DCA6 /* Sources */ = {
			isa = PBXSourcesBuildPhase;
			buildActionMask = 2147483647;
			files = (
			);
			runOnlyForDeploymentPostprocessing = 0;
		};
		3F936C7E2EE0BDCA0017DCA6 /* Sources */ = {
			isa = PBXSourcesBuildPhase;
			buildActionMask = 2147483647;
			files = (
			);
			runOnlyForDeploymentPostprocessing = 0;
		};
/* End PBXSourcesBuildPhase section */

/* Begin PBXTargetDependency section */
		3F936C7A2EE0BDCA0017DCA6 /* PBXTargetDependency */ = {
			isa = PBXTargetDependency;
			target = 3F936C6A2EE0BDC90017DCA6 /* replyerAI */;
			targetProxy = 3F936C792EE0BDCA0017DCA6 /* PBXContainerItemProxy */;
		};
		3F936C842EE0BDCA0017DCA6 /* PBXTargetDependency */ = {
			isa = PBXTargetDependency;
			target = 3F936C6A2EE0BDC90017DCA6 /* replyerAI */;
			targetProxy = 3F936C832EE0BDCA0017DCA6 /* PBXContainerItemProxy */;
		};
/* End PBXTargetDependency section */

/* Begin XCBuildConfiguration section */
		3F936C8A2EE0BDCA0017DCA6 /* Debug */ = {
			isa = XCBuildConfiguration;
			buildSettings = {
				ALWAYS_SEARCH_USER_PATHS = NO;
				ASSETCATALOG_COMPILER_GENERATE_SWIFT_ASSET_SYMBOL_EXTENSIONS = YES;
				CLANG_ANALYZER_NONNULL = YES;
				CLANG_ANALYZER_NUMBER_OBJECT_CONVERSION = YES_AGGRESSIVE;
				CLANG_CXX_LANGUAGE_STANDARD = "gnu++20";
				CLANG_ENABLE_MODULES = YES;
				CLANG_ENABLE_OBJC_ARC = YES;
				CLANG_ENABLE_OBJC_WEAK = YES;
				CLANG_WARN_BLOCK_CAPTURE_AUTORELEASING = YES;
				CLANG_WARN_BOOL_CONVERSION = YES;
				CLANG_WARN_COMMA = YES;
				CLANG_WARN_CONSTANT_CONVERSION = YES;
				CLANG_WARN_DEPRECATED_OBJC_IMPLEMENTATIONS = YES;
				CLANG_WARN_DIRECT_OBJC_ISA_USAGE = YES_ERROR;
				CLANG_WARN_DOCUMENTATION_COMMENTS = YES;
				CLANG_WARN_EMPTY_BODY = YES;
				CLANG_WARN_ENUM_CONVERSION = YES;
				CLANG_WARN_INFINITE_RECURSION = YES;
				CLANG_WARN_INT_CONVERSION = YES;
				CLANG_WARN_NON_LITERAL_NULL_CONVERSION = YES;
				CLANG_WARN_OBJC_IMPLICIT_RETAIN_SELF = YES;
				CLANG_WARN_OBJC_LITERAL_CONVERSION = YES;
				CLANG_WARN_OBJC_ROOT_CLASS = YES_ERROR;
				CLANG_WARN_QUOTED_INCLUDE_IN_FRAMEWORK_HEADER = YES;
				CLANG_WARN_RANGE_LOOP_ANALYSIS = YES;
				CLANG_WARN_STRICT_PROTOTYPES = YES;
				CLANG_WARN_SUSPICIOUS_MOVE = YES;
				CLANG_WARN_UNGUARDED_AVAILABILITY = YES_AGGRESSIVE;
				CLANG_WARN_UNREACHABLE_CODE = YES;
				CLANG_WARN__DUPLICATE_METHOD_MATCH = YES;
				COPY_PHASE_STRIP = NO;
				DEBUG_INFORMATION_FORMAT = dwarf;
				DEVELOPMENT_TEAM = SWK2ARJXT6;
				ENABLE_STRICT_OBJC_MSGSEND = YES;
				ENABLE_TESTABILITY = YES;
				ENABLE_USER_SCRIPT_SANDBOXING = YES;
				GCC_C_LANGUAGE_STANDARD = gnu17;
				GCC_DYNAMIC_NO_PIC = NO;
				GCC_NO_COMMON_BLOCKS = YES;
				GCC_OPTIMIZATION_LEVEL = 0;
				GCC_PREPROCESSOR_DEFINITIONS = (
					"DEBUG=1",
					"$(inherited)",
				);
				GCC_WARN_64_TO_32_BIT_CONVERSION = YES;
				GCC_WARN_ABOUT_RETURN_TYPE = YES_ERROR;
				GCC_WARN_UNDECLARED_SELECTOR = YES;
				GCC_WARN_UNINITIALIZED_AUTOS = YES_AGGRESSIVE;
				GCC_WARN_UNUSED_FUNCTION = YES;
				GCC_WARN_UNUSED_VARIABLE = YES;
				IPHONEOS_DEPLOYMENT_TARGET = 26.0;
				LOCALIZATION_PREFERS_STRING_CATALOGS = YES;
				MTL_ENABLE_DEBUG_INFO = INCLUDE_SOURCE;
				MTL_FAST_MATH = YES;
				ONLY_ACTIVE_ARCH = YES;
				SDKROOT = iphoneos;
				SWIFT_ACTIVE_COMPILATION_CONDITIONS = "DEBUG $(inherited)";
				SWIFT_OPTIMIZATION_LEVEL = "-Onone";
			};
			name = Debug;
		};
		3F936C8B2EE0BDCA0017DCA6 /* Release */ = {
			isa = XCBuildConfiguration;
			buildSettings = {
				ALWAYS_SEARCH_USER_PATHS = NO;
				ASSETCATALOG_COMPILER_GENERATE_SWIFT_ASSET_SYMBOL_EXTENSIONS = YES;
				CLANG_ANALYZER_NONNULL = YES;
				CLANG_ANALYZER_NUMBER_OBJECT_CONVERSION = YES_AGGRESSIVE;
				CLANG_CXX_LANGUAGE_STANDARD = "gnu++20";
				CLANG_ENABLE_MODULES = YES;
				CLANG_ENABLE_OBJC_ARC = YES;
				CLANG_ENABLE_OBJC_WEAK = YES;
				CLANG_WARN_BLOCK_CAPTURE_AUTORELEASING = YES;
				CLANG_WARN_BOOL_CONVERSION = YES;
				CLANG_WARN_COMMA = YES;
				CLANG_WARN_CONSTANT_CONVERSION = YES;
				CLANG_WARN_DEPRECATED_OBJC_IMPLEMENTATIONS = YES;
				CLANG_WARN_DIRECT_OBJC_ISA_USAGE = YES_ERROR;
				CLANG_WARN_DOCUMENTATION_COMMENTS = YES;
				CLANG_WARN_EMPTY_BODY = YES;
				CLANG_WARN_ENUM_CONVERSION = YES;
				CLANG_WARN_INFINITE_RECURSION = YES;
				CLANG_WARN_INT_CONVERSION = YES;
				CLANG_WARN_NON_LITERAL_NULL_CONVERSION = YES;
				CLANG_WARN_OBJC_IMPLICIT_RETAIN_SELF = YES;
				CLANG_WARN_OBJC_LITERAL_CONVERSION = YES;
				CLANG_WARN_OBJC_ROOT_CLASS = YES_ERROR;
				CLANG_WARN_QUOTED_INCLUDE_IN_FRAMEWORK_HEADER = YES;
				CLANG_WARN_RANGE_LOOP_ANALYSIS = YES;
				CLANG_WARN_STRICT_PROTOTYPES = YES;
				CLANG_WARN_SUSPICIOUS_MOVE = YES;
				CLANG_WARN_UNGUARDED_AVAILABILITY = YES_AGGRESSIVE;
				CLANG_WARN_UNREACHABLE_CODE = YES;
				CLANG_WARN__DUPLICATE_METHOD_MATCH = YES;
				COPY_PHASE_STRIP = NO;
				DEBUG_INFORMATION_FORMAT = "dwarf-with-dsym";
				DEVELOPMENT_TEAM = SWK2ARJXT6;
				ENABLE_NS_ASSERTIONS = NO;
				ENABLE_STRICT_OBJC_MSGSEND = YES;
				ENABLE_USER_SCRIPT_SANDBOXING = YES;
				GCC_C_LANGUAGE_STANDARD = gnu17;
				GCC_NO_COMMON_BLOCKS = YES;
				GCC_WARN_64_TO_32_BIT_CONVERSION = YES;
				GCC_WARN_ABOUT_RETURN_TYPE = YES_ERROR;
				GCC_WARN_UNDECLARED_SELECTOR = YES;
				GCC_WARN_UNINITIALIZED_AUTOS = YES_AGGRESSIVE;
				GCC_WARN_UNUSED_FUNCTION = YES;
				GCC_WARN_UNUSED_VARIABLE = YES;
				IPHONEOS_DEPLOYMENT_TARGET = 26.0;
				LOCALIZATION_PREFERS_STRING_CATALOGS = YES;
				MTL_ENABLE_DEBUG_INFO = NO;
				MTL_FAST_MATH = YES;
				SDKROOT = iphoneos;
				SWIFT_COMPILATION_MODE = wholemodule;
				VALIDATE_PRODUCT = YES;
			};
			name = Release;
		};
		3F936C8D2EE0BDCA0017DCA6 /* Debug */ = {
			isa = XCBuildConfiguration;
			buildSettings = {
				ASSETCATALOG_COMPILER_APPICON_NAME = AppIcon;
				ASSETCATALOG_COMPILER_GLOBAL_ACCENT_COLOR_NAME = AccentColor;
				CODE_SIGN_STYLE = Automatic;
				CURRENT_PROJECT_VERSION = 1;
				DEVELOPMENT_TEAM = SWK2ARJXT6;
				ENABLE_PREVIEWS = YES;
				GENERATE_INFOPLIST_FILE = YES;
				INFOPLIST_KEY_LSApplicationCategoryType = "public.app-category.entertainment";
				INFOPLIST_KEY_NSUserTrackingUsageDescription = "We use tracking to measure subscriptions and improve the experience. We never sell your data.";
				INFOPLIST_KEY_NSPhotoLibraryAddUsageDescription = "Replyer needs permission to save generated reply images to your photo library.";
				INFOPLIST_KEY_NSPhotoLibraryUsageDescription = "Replyer needs access to your photo library to select message screenshots for generating replies.";
				INFOPLIST_KEY_UIApplicationSceneManifest_Generation = YES;
				INFOPLIST_KEY_UIApplicationSupportsIndirectInputEvents = YES;
				INFOPLIST_KEY_UILaunchScreen_Generation = YES;
				INFOPLIST_KEY_UISupportedInterfaceOrientations = UIInterfaceOrientationPortrait;
				LD_RUNPATH_SEARCH_PATHS = (
					"$(inherited)",
					"@executable_path/Frameworks",
				);
				MARKETING_VERSION = 1.0;
				PRODUCT_BUNDLE_IDENTIFIER = eckc.replyerAI;
				PRODUCT_NAME = "$(TARGET_NAME)";
				STRING_CATALOG_GENERATE_SYMBOLS = YES;
				SWIFT_APPROACHABLE_CONCURRENCY = YES;
				SWIFT_DEFAULT_ACTOR_ISOLATION = MainActor;
				SWIFT_EMIT_LOC_STRINGS = YES;
				SWIFT_UPCOMING_FEATURE_MEMBER_IMPORT_VISIBILITY = YES;
				SWIFT_VERSION = 5.0;
				TARGETED_DEVICE_FAMILY = "1,2";
			};
			name = Debug;
		};
		3F936C8E2EE0BDCA0017DCA6 /* Release */ = {
			isa = XCBuildConfiguration;
			buildSettings = {
				ASSETCATALOG_COMPILER_APPICON_NAME = AppIcon;
				ASSETCATALOG_COMPILER_GLOBAL_ACCENT_COLOR_NAME = AccentColor;
				CODE_SIGN_STYLE = Automatic;
				CURRENT_PROJECT_VERSION = 1;
				DEVELOPMENT_TEAM = SWK2ARJXT6;
				ENABLE_PREVIEWS = YES;
				GENERATE_INFOPLIST_FILE = YES;
				INFOPLIST_KEY_LSApplicationCategoryType = "public.app-category.entertainment";
				INFOPLIST_KEY_NSUserTrackingUsageDescription = "We use tracking to measure subscriptions and improve the experience. We never sell your data.";
				INFOPLIST_KEY_NSPhotoLibraryAddUsageDescription = "Replyer needs permission to save generated reply images to your photo library.";
				INFOPLIST_KEY_NSPhotoLibraryUsageDescription = "Replyer needs access to your photo library to select message screenshots for generating replies.";
				INFOPLIST_KEY_UIApplicationSceneManifest_Generation = YES;
				INFOPLIST_KEY_UIApplicationSupportsIndirectInputEvents = YES;
				INFOPLIST_KEY_UILaunchScreen_Generation = YES;
				INFOPLIST_KEY_UISupportedInterfaceOrientations = UIInterfaceOrientationPortrait;
				LD_RUNPATH_SEARCH_PATHS = (
					"$(inherited)",
					"@executable_path/Frameworks",
				);
				MARKETING_VERSION = 1.0;
				PRODUCT_BUNDLE_IDENTIFIER = eckc.replyerAI;
				PRODUCT_NAME = "$(TARGET_NAME)";
				STRING_CATALOG_GENERATE_SYMBOLS = YES;
				SWIFT_APPROACHABLE_CONCURRENCY = YES;
				SWIFT_DEFAULT_ACTOR_ISOLATION = MainActor;
				SWIFT_EMIT_LOC_STRINGS = YES;
				SWIFT_UPCOMING_FEATURE_MEMBER_IMPORT_VISIBILITY = YES;
				SWIFT_VERSION = 5.0;
				TARGETED_DEVICE_FAMILY = "1,2";
			};
			name = Release;
		};
		3F936C902EE0BDCA0017DCA6 /* Debug */ = {
			isa = XCBuildConfiguration;
			buildSettings = {
				BUNDLE_LOADER = "$(TEST_HOST)";
				CODE_SIGN_STYLE = Automatic;
				CURRENT_PROJECT_VERSION = 1;
				DEVELOPMENT_TEAM = SWK2ARJXT6;
				GENERATE_INFOPLIST_FILE = YES;
				IPHONEOS_DEPLOYMENT_TARGET = 26.0;
				MARKETING_VERSION = 1.0;
				PRODUCT_BUNDLE_IDENTIFIER = eckc.replyerAITests;
				PRODUCT_NAME = "$(TARGET_NAME)";
				STRING_CATALOG_GENERATE_SYMBOLS = NO;
				SWIFT_APPROACHABLE_CONCURRENCY = YES;
				SWIFT_EMIT_LOC_STRINGS = NO;
				SWIFT_UPCOMING_FEATURE_MEMBER_IMPORT_VISIBILITY = YES;
				SWIFT_VERSION = 5.0;
				TARGETED_DEVICE_FAMILY = "1,2";
				TEST_HOST = "$(BUILT_PRODUCTS_DIR)/replyerAI.app/$(BUNDLE_EXECUTABLE_FOLDER_PATH)/replyerAI";
			};
			name = Debug;
		};
		3F936C912EE0BDCA0017DCA6 /* Release */ = {
			isa = XCBuildConfiguration;
			buildSettings = {
				BUNDLE_LOADER = "$(TEST_HOST)";
				CODE_SIGN_STYLE = Automatic;
				CURRENT_PROJECT_VERSION = 1;
				DEVELOPMENT_TEAM = SWK2ARJXT6;
				GENERATE_INFOPLIST_FILE = YES;
				IPHONEOS_DEPLOYMENT_TARGET = 26.0;
				MARKETING_VERSION = 1.0;
				PRODUCT_BUNDLE_IDENTIFIER = eckc.replyerAITests;
				PRODUCT_NAME = "$(TARGET_NAME)";
				STRING_CATALOG_GENERATE_SYMBOLS = NO;
				SWIFT_APPROACHABLE_CONCURRENCY = YES;
				SWIFT_EMIT_LOC_STRINGS = NO;
				SWIFT_UPCOMING_FEATURE_MEMBER_IMPORT_VISIBILITY = YES;
				SWIFT_VERSION = 5.0;
				TARGETED_DEVICE_FAMILY = "1,2";
				TEST_HOST = "$(BUILT_PRODUCTS_DIR)/replyerAI.app/$(BUNDLE_EXECUTABLE_FOLDER_PATH)/replyerAI";
			};
			name = Release;
		};
		3F936C932EE0BDCA0017DCA6 /* Debug */ = {
			isa = XCBuildConfiguration;
			buildSettings = {
				CODE_SIGN_STYLE = Automatic;
				CURRENT_PROJECT_VERSION = 1;
				DEVELOPMENT_TEAM = SWK2ARJXT6;
				GENERATE_INFOPLIST_FILE = YES;
				MARKETING_VERSION = 1.0;
				PRODUCT_BUNDLE_IDENTIFIER = eckc.replyerAIUITests;
				PRODUCT_NAME = "$(TARGET_NAME)";
				STRING_CATALOG_GENERATE_SYMBOLS = NO;
				SWIFT_APPROACHABLE_CONCURRENCY = YES;
				SWIFT_EMIT_LOC_STRINGS = NO;
				SWIFT_UPCOMING_FEATURE_MEMBER_IMPORT_VISIBILITY = YES;
				SWIFT_VERSION = 5.0;
				TARGETED_DEVICE_FAMILY = "1,2";
				TEST_TARGET_NAME = replyerAI;
			};
			name = Debug;
		};
		3F936C942EE0BDCA0017DCA6 /* Release */ = {
			isa = XCBuildConfiguration;
			buildSettings = {
				CODE_SIGN_STYLE = Automatic;
				CURRENT_PROJECT_VERSION = 1;
				DEVELOPMENT_TEAM = SWK2ARJXT6;
				GENERATE_INFOPLIST_FILE = YES;
				MARKETING_VERSION = 1.0;
				PRODUCT_BUNDLE_IDENTIFIER = eckc.replyerAIUITests;
				PRODUCT_NAME = "$(TARGET_NAME)";
				STRING_CATALOG_GENERATE_SYMBOLS = NO;
				SWIFT_APPROACHABLE_CONCURRENCY = YES;
				SWIFT_EMIT_LOC_STRINGS = NO;
				SWIFT_UPCOMING_FEATURE_MEMBER_IMPORT_VISIBILITY = YES;
				SWIFT_VERSION = 5.0;
				TARGETED_DEVICE_FAMILY = "1,2";
				TEST_TARGET_NAME = replyerAI;
			};
			name = Release;
		};
/* End XCBuildConfiguration section */

/* Begin XCConfigurationList section */
		3F936C662EE0BDC90017DCA6 /* Build configuration list for PBXProject "replyerAI" */ = {
			isa = XCConfigurationList;
			buildConfigurations = (
				3F936C8A2EE0BDCA0017DCA6 /* Debug */,
				3F936C8B2EE0BDCA0017DCA6 /* Release */,
			);
			defaultConfigurationIsVisible = 0;
			defaultConfigurationName = Release;
		};
		3F936C8C2EE0BDCA0017DCA6 /* Build configuration list for PBXNativeTarget "replyerAI" */ = {
			isa = XCConfigurationList;
			buildConfigurations = (
				3F936C8D2EE0BDCA0017DCA6 /* Debug */,
				3F936C8E2EE0BDCA0017DCA6 /* Release */,
			);
			defaultConfigurationIsVisible = 0;
			defaultConfigurationName = Release;
		};
		3F936C8F2EE0BDCA0017DCA6 /* Build configuration list for PBXNativeTarget "replyerAITests" */ = {
			isa = XCConfigurationList;
			buildConfigurations = (
				3F936C902EE0BDCA0017DCA6 /* Debug */,
				3F936C912EE0BDCA0017DCA6 /* Release */,
			);
			defaultConfigurationIsVisible = 0;
			defaultConfigurationName = Release;
		};
		3F936C922EE0BDCA0017DCA6 /* Build configuration list for PBXNativeTarget "replyerAIUITests" */ = {
			isa = XCConfigurationList;
			buildConfigurations = (
				3F936C932EE0BDCA0017DCA6 /* Debug */,
				3F936C942EE0BDCA0017DCA6 /* Release */,
			);
			defaultConfigurationIsVisible = 0;
			defaultConfigurationName = Release;
		};
/* End XCConfigurationList section */

/* Begin XCRemoteSwiftPackageReference section */
		3F936C952EE0BE000017DCA6 /* XCRemoteSwiftPackageReference "generative-ai-swift" */ = {
			isa = XCRemoteSwiftPackageReference;
			repositoryURL = "https://github.com/google/generative-ai-swift";
			requirement = {
				kind = upToNextMajorVersion;
				minimumVersion = 0.5.0;
			};
		};
		3F936C972EE0BE100017DCA6 /* XCRemoteSwiftPackageReference "purchases-ios-spm" */ = {
			isa = XCRemoteSwiftPackageReference;
			repositoryURL = "https://github.com/RevenueCat/purchases-ios-spm";
			requirement = {
				kind = upToNextMajorVersion;
				minimumVersion = 5.0.0;
			};
		};
		3FBB8BA72EE0E016009CEACE /* XCRemoteSwiftPackageReference "purchases-ios-spm" */ = {
			isa = XCRemoteSwiftPackageReference;
			repositoryURL = "https://github.com/RevenueCat/purchases-ios-spm";
			requirement = {
				kind = upToNextMajorVersion;
				minimumVersion = 5.49.2;
			};
		};
/* End XCRemoteSwiftPackageReference section */

/* Begin XCSwiftPackageProductDependency section */
		3F936C962EE0BE000017DCA6 /* GoogleGenerativeAI */ = {
			isa = XCSwiftPackageProductDependency;
			package = 3F936C952EE0BE000017DCA6 /* XCRemoteSwiftPackageReference "generative-ai-swift" */;
			productName = GoogleGenerativeAI;
		};
		3F936C982EE0BE100017DCA6 /* RevenueCat */ = {
			isa = XCSwiftPackageProductDependency;
			package = 3F936C972EE0BE100017DCA6 /* XCRemoteSwiftPackageReference "purchases-ios-spm" */;
			productName = RevenueCat;
		};
		3F936C992EE0BE100017DCA6 /* RevenueCatUI */ = {
			isa = XCSwiftPackageProductDependency;
			package = 3F936C972EE0BE100017DCA6 /* XCRemoteSwiftPackageReference "purchases-ios-spm" */;
			productName = RevenueCatUI;
		};
/* End XCSwiftPackageProductDependency section */
	};
	rootObject = 3F936C632EE0BDC90017DCA6 /* Project object */;
}
